{
  "originHash" : "7d01daa595f88674d887f3f0b3d4939555668076f43ad7733cde4450305042f4",
  "pins" : [
    {
      "identity" : "swift-async-stream",
      "kind" : "remoteSourceControl",
      "location" : "https://github.com/o-nnerb/swift-async-stream",
      "state" : {
        "revision" : "f1c7b5300b1cd63b5d9738fcf4f97c9b781aedde",
        "version" : "2.0.1"
      }
    },
    {
      "identity" : "swift-collections",
      "kind" : "remoteSourceControl",
      "location" : "https://github.com/apple/swift-collections.git",
      "state" : {
        "revision" : "a0cb0954ecb21e4e31b0070e6ed5674e8556685a",
        "version" : "1.6.0"
      }
    },
    {
      "identity" : "swift-log",
      "kind" : "remoteSourceControl",
      "location" : "https://github.com/apple/swift-log.git",
      "state" : {
        "revision" : "a878e7f8f46cfc0e1125e565b5c08e7d5272dc9a",
        "version" : "1.14.0"
      }
    }
  ],
  "version" : 3
}
